
Microsoft Visual Studio Solution File, Format Version 12.00
# Visual Studio Version 16
VisualStudioVersion = 16.0.29920.165
MinimumVisualStudioVersion = 10.0.40219.1
Project("{FAE04EC0-301F-11D3-BF4B-00C04F79EFBC}") = "PaperRockScissors", "PaperRockScissors\PaperRockScissors.csproj", "{5981B5C7-DBCC-4486-8337-116341121F19}"
EndProject
Global
	GlobalSection(SolutionConfigurationPlatforms) = preSolution
		Debug|Any CPU = Debug|Any CPU
		Release|Any CPU = Release|Any CPU
	EndGlobalSection
	GlobalSection(ProjectConfigurationPlatforms) = postSolution
		{5981B5C7-DBCC-4486-8337-116341121F19}.Debug|Any CPU.ActiveCfg = Debug|Any CPU
		{5981B5C7-DBCC-4486-8337-116341121F19}.Debug|Any CPU.Build.0 = Debug|Any CPU
		{5981B5C7-DBCC-4486-8337-116341121F19}.Release|Any CPU.ActiveCfg = Release|Any CPU
		{5981B5C7-DBCC-4486-8337-116341121F19}.Release|Any CPU.Build.0 = Release|Any CPU
	EndGlobalSection
	GlobalSection(SolutionProperties) = preSolution
		HideSolutionNode = FALSE
	EndGlobalSection
	GlobalSection(ExtensibilityGlobals) = postSolution
		SolutionGuid = {086453E5-4490-4631-B954-071531E412CA}
	EndGlobalSection
EndGlobal
